// !$*UTF8*$!
{
	archiveVersion = 1;
	classes = {
	};
	objectVersion = 46;
	objects = {

/* Begin PBXBuildFile section */
		053144DE1A23C134006523BD /* SwiftyJSON.swift in Sources */ = {isa = PBXBuildFile; fileRef = 053144DD1A23C134006523BD /* SwiftyJSON.swift */; };
		053144E01A23C198006523BD /* Alamofire-SwiftyJSON.swift in Sources */ = {isa = PBXBuildFile; fileRef = 053144DF1A23C198006523BD /* Alamofire-SwiftyJSON.swift */; };
		05348D9D1A1EED1B009726B9 /* DataStore.swift in Sources */ = {isa = PBXBuildFile; fileRef = 05348D9C1A1EED1B009726B9 /* DataStore.swift */; };
		053E72721A2799140046613C /* RandomString.swift in Sources */ = {isa = PBXBuildFile; fileRef = 053E72711A2799140046613C /* RandomString.swift */; };
		054830381A29081B00067ADB /* FoundBeaconsViewController.swift in Sources */ = {isa = PBXBuildFile; fileRef = 054830371A29081B00067ADB /* FoundBeaconsViewController.swift */; };
		055F90461A1A5BA200A2D808 /* Alamofire.framework in Frameworks */ = {isa = PBXBuildFile; fileRef = 055F90401A1A5AF800A2D808 /* Alamofire.framework */; };
		055F90471A1A5BA200A2D808 /* Alamofire.framework in Embed Frameworks */ = {isa = PBXBuildFile; fileRef = 055F90401A1A5AF800A2D808 /* Alamofire.framework */; settings = {ATTRIBUTES = (CodeSignOnCopy, RemoveHeadersOnCopy, ); }; };
		055FA2AF1A1BB1BB0042D2A3 /* HueClient.swift in Sources */ = {isa = PBXBuildFile; fileRef = 055FA2AE1A1BB1BB0042D2A3 /* HueClient.swift */; };
		055FA2B71A1E53960042D2A3 /* BridgeConnectViewController.swift in Sources */ = {isa = PBXBuildFile; fileRef = 055FA2B61A1E53960042D2A3 /* BridgeConnectViewController.swift */; };
		05BB2BE11A24FF4900D593AE /* FoundBridgesViewController.swift in Sources */ = {isa = PBXBuildFile; fileRef = 05BB2BE01A24FF4900D593AE /* FoundBridgesViewController.swift */; };
		05BB2BE31A25011200D593AE /* AuthorizationProgressView.swift in Sources */ = {isa = PBXBuildFile; fileRef = 05BB2BE21A25011200D593AE /* AuthorizationProgressView.swift */; };
		05BB2BE51A25037C00D593AE /* NoBridgeFoundViewController.swift in Sources */ = {isa = PBXBuildFile; fileRef = 05BB2BE41A25037C00D593AE /* NoBridgeFoundViewController.swift */; };
		05CDA6CA1A192336003163A8 /* AppDelegate.swift in Sources */ = {isa = PBXBuildFile; fileRef = 05CDA6C91A192336003163A8 /* AppDelegate.swift */; };
		05CDA6CF1A192336003163A8 /* Main.storyboard in Resources */ = {isa = PBXBuildFile; fileRef = 05CDA6CD1A192336003163A8 /* Main.storyboard */; };
		05CDA6D11A192336003163A8 /* Images.xcassets in Resources */ = {isa = PBXBuildFile; fileRef = 05CDA6D01A192336003163A8 /* Images.xcassets */; };
		05CDA6E01A192336003163A8 /* huebiTests.swift in Sources */ = {isa = PBXBuildFile; fileRef = 05CDA6DF1A192336003163A8 /* huebiTests.swift */; };
		05CDA6F61A192838003163A8 /* CoreBluetooth.framework in Frameworks */ = {isa = PBXBuildFile; fileRef = 05CDA6F51A192838003163A8 /* CoreBluetooth.framework */; };
		05CDA6F91A192849003163A8 /* BlueCapKit.framework in Frameworks */ = {isa = PBXBuildFile; fileRef = 05CDA6F01A1927FA003163A8 /* BlueCapKit.framework */; };
		05CDA6FB1A192B26003163A8 /* BlueCapKit.framework in Embed Frameworks */ = {isa = PBXBuildFile; fileRef = 05CDA6F01A1927FA003163A8 /* BlueCapKit.framework */; settings = {ATTRIBUTES = (CodeSignOnCopy, RemoveHeadersOnCopy, ); }; };
		05D3B8DB1A2A5453008E794E /* FoundBeaconsCell.swift in Sources */ = {isa = PBXBuildFile; fileRef = 05D3B8DA1A2A5453008E794E /* FoundBeaconsCell.swift */; };
		05D4F60C1A2247FC0027EA62 /* Notify.swift in Sources */ = {isa = PBXBuildFile; fileRef = 05D4F60A1A2247FC0027EA62 /* Notify.swift */; };
		05D4F60D1A2247FC0027EA62 /* UIAlertControllerExtensions.swift in Sources */ = {isa = PBXBuildFile; fileRef = 05D4F60B1A2247FC0027EA62 /* UIAlertControllerExtensions.swift */; };
		05D4F6121A22851D0027EA62 /* StatusViewController.swift in Sources */ = {isa = PBXBuildFile; fileRef = 05D4F6111A22851D0027EA62 /* StatusViewController.swift */; };
		05D4F6141A22BFCE0027EA62 /* BridgesViewController.swift in Sources */ = {isa = PBXBuildFile; fileRef = 05D4F6131A22BFCE0027EA62 /* BridgesViewController.swift */; };
		05D4F6161A22C2B30027EA62 /* AddBridgeViewController.swift in Sources */ = {isa = PBXBuildFile; fileRef = 05D4F6151A22C2B30027EA62 /* AddBridgeViewController.swift */; };
		05D4F6181A22C4600027EA62 /* AddBeaconViewController.swift in Sources */ = {isa = PBXBuildFile; fileRef = 05D4F6171A22C4600027EA62 /* AddBeaconViewController.swift */; };
		05D4F61A1A22C93E0027EA62 /* BeaconsViewController.swift in Sources */ = {isa = PBXBuildFile; fileRef = 05D4F6191A22C93E0027EA62 /* BeaconsViewController.swift */; };
/* End PBXBuildFile section */

/* Begin PBXContainerItemProxy section */
		055F903F1A1A5AF800A2D808 /* PBXContainerItemProxy */ = {
			isa = PBXContainerItemProxy;
			containerPortal = 055F903A1A1A5AF800A2D808 /* Alamofire.xcodeproj */;
			proxyType = 2;
			remoteGlobalIDString = F8111E3319A95C8B0040E7D1;
			remoteInfo = Alamofire;
		};
		055F90411A1A5AF800A2D808 /* PBXContainerItemProxy */ = {
			isa = PBXContainerItemProxy;
			containerPortal = 055F903A1A1A5AF800A2D808 /* Alamofire.xcodeproj */;
			proxyType = 2;
			remoteGlobalIDString = F8111E3E19A95C8B0040E7D1;
			remoteInfo = AlamofireTests;
		};
		055F90431A1A5B1400A2D808 /* PBXContainerItemProxy */ = {
			isa = PBXContainerItemProxy;
			containerPortal = 055F903A1A1A5AF800A2D808 /* Alamofire.xcodeproj */;
			proxyType = 1;
			remoteGlobalIDString = F8111E3219A95C8B0040E7D1;
			remoteInfo = Alamofire;
		};
		055F90481A1A5BA200A2D808 /* PBXContainerItemProxy */ = {
			isa = PBXContainerItemProxy;
			containerPortal = 055F903A1A1A5AF800A2D808 /* Alamofire.xcodeproj */;
			proxyType = 1;
			remoteGlobalIDString = F8111E3219A95C8B0040E7D1;
			remoteInfo = Alamofire;
		};
		05CDA6DA1A192336003163A8 /* PBXContainerItemProxy */ = {
			isa = PBXContainerItemProxy;
			containerPortal = 05CDA6BC1A192336003163A8 /* Project object */;
			proxyType = 1;
			remoteGlobalIDString = 05CDA6C31A192336003163A8;
			remoteInfo = huebi;
		};
		05CDA6EF1A1927FA003163A8 /* PBXContainerItemProxy */ = {
			isa = PBXContainerItemProxy;
			containerPortal = 05CDA6EA1A1927FA003163A8 /* BlueCapKit.xcodeproj */;
			proxyType = 2;
			remoteGlobalIDString = 0551208219F5506000ED3B74;
			remoteInfo = BlueCapKit;
		};
		05CDA6F11A1927FA003163A8 /* PBXContainerItemProxy */ = {
			isa = PBXContainerItemProxy;
			containerPortal = 05CDA6EA1A1927FA003163A8 /* BlueCapKit.xcodeproj */;
			proxyType = 2;
			remoteGlobalIDString = 0551208D19F5506000ED3B74;
			remoteInfo = BlueCapKitTests;
		};
		05CDA6F31A192824003163A8 /* PBXContainerItemProxy */ = {
			isa = PBXContainerItemProxy;
			containerPortal = 05CDA6EA1A1927FA003163A8 /* BlueCapKit.xcodeproj */;
			proxyType = 1;
			remoteGlobalIDString = 0551208119F5506000ED3B74;
			remoteInfo = BlueCapKit;
		};
		05CDA6FC1A192B26003163A8 /* PBXContainerItemProxy */ = {
			isa = PBXContainerItemProxy;
			containerPortal = 05CDA6EA1A1927FA003163A8 /* BlueCapKit.xcodeproj */;
			proxyType = 1;
			remoteGlobalIDString = 0551208119F5506000ED3B74;
			remoteInfo = BlueCapKit;
		};
/* End PBXContainerItemProxy section */

/* Begin PBXCopyFilesBuildPhase section */
		05CDA6FE1A192B26003163A8 /* Embed Frameworks */ = {
			isa = PBXCopyFilesBuildPhase;
			buildActionMask = 2147483647;
			dstPath = "";
			dstSubfolderSpec = 10;
			files = (
				05CDA6FB1A192B26003163A8 /* BlueCapKit.framework in Embed Frameworks */,
				055F90471A1A5BA200A2D808 /* Alamofire.framework in Embed Frameworks */,
			);
			name = "Embed Frameworks";
			runOnlyForDeploymentPostprocessing = 0;
		};
/* End PBXCopyFilesBuildPhase section */

/* Begin PBXFileReference section */
		053144DD1A23C134006523BD /* SwiftyJSON.swift */ = {isa = PBXFileReference; fileEncoding = 4; lastKnownFileType = sourcecode.swift; path = SwiftyJSON.swift; sourceTree = "<group>"; };
		053144DF1A23C198006523BD /* Alamofire-SwiftyJSON.swift */ = {isa = PBXFileReference; fileEncoding = 4; lastKnownFileType = sourcecode.swift; path = "Alamofire-SwiftyJSON.swift"; sourceTree = "<group>"; };
		05348D9C1A1EED1B009726B9 /* DataStore.swift */ = {isa = PBXFileReference; fileEncoding = 4; lastKnownFileType = sourcecode.swift; path = DataStore.swift; sourceTree = "<group>"; };
		053E72711A2799140046613C /* RandomString.swift */ = {isa = PBXFileReference; fileEncoding = 4; lastKnownFileType = sourcecode.swift; path = RandomString.swift; sourceTree = "<group>"; };
		054830371A29081B00067ADB /* FoundBeaconsViewController.swift */ = {isa = PBXFileReference; fileEncoding = 4; lastKnownFileType = sourcecode.swift; path = FoundBeaconsViewController.swift; sourceTree = "<group>"; };
		055F903A1A1A5AF800A2D808 /* Alamofire.xcodeproj */ = {isa = PBXFileReference; lastKnownFileType = "wrapper.pb-project"; name = Alamofire.xcodeproj; path = External/Alamofire/Alamofire.xcodeproj; sourceTree = "<group>"; };
		055FA2AE1A1BB1BB0042D2A3 /* HueClient.swift */ = {isa = PBXFileReference; fileEncoding = 4; lastKnownFileType = sourcecode.swift; path = HueClient.swift; sourceTree = "<group>"; };
		055FA2B61A1E53960042D2A3 /* BridgeConnectViewController.swift */ = {isa = PBXFileReference; fileEncoding = 4; lastKnownFileType = sourcecode.swift; path = BridgeConnectViewController.swift; sourceTree = "<group>"; };
		05BB2BE01A24FF4900D593AE /* FoundBridgesViewController.swift */ = {isa = PBXFileReference; fileEncoding = 4; lastKnownFileType = sourcecode.swift; path = FoundBridgesViewController.swift; sourceTree = "<group>"; };
		05BB2BE21A25011200D593AE /* AuthorizationProgressView.swift */ = {isa = PBXFileReference; fileEncoding = 4; lastKnownFileType = sourcecode.swift; path = AuthorizationProgressView.swift; sourceTree = "<group>"; };
		05BB2BE41A25037C00D593AE /* NoBridgeFoundViewController.swift */ = {isa = PBXFileReference; fileEncoding = 4; lastKnownFileType = sourcecode.swift; path = NoBridgeFoundViewController.swift; sourceTree = "<group>"; };
		05CDA6C41A192336003163A8 /* huebi.app */ = {isa = PBXFileReference; explicitFileType = wrapper.application; includeInIndex = 0; path = huebi.app; sourceTree = BUILT_PRODUCTS_DIR; };
		05CDA6C81A192336003163A8 /* Info.plist */ = {isa = PBXFileReference; lastKnownFileType = text.plist.xml; path = Info.plist; sourceTree = "<group>"; };
		05CDA6C91A192336003163A8 /* AppDelegate.swift */ = {isa = PBXFileReference; lastKnownFileType = sourcecode.swift; path = AppDelegate.swift; sourceTree = "<group>"; };
		05CDA6CE1A192336003163A8 /* Base */ = {isa = PBXFileReference; lastKnownFileType = file.storyboard; name = Base; path = Base.lproj/Main.storyboard; sourceTree = "<group>"; };
		05CDA6D01A192336003163A8 /* Images.xcassets */ = {isa = PBXFileReference; lastKnownFileType = folder.assetcatalog; path = Images.xcassets; sourceTree = "<group>"; };
		05CDA6D91A192336003163A8 /* huebiTests.xctest */ = {isa = PBXFileReference; explicitFileType = wrapper.cfbundle; includeInIndex = 0; path = huebiTests.xctest; sourceTree = BUILT_PRODUCTS_DIR; };
		05CDA6DE1A192336003163A8 /* Info.plist */ = {isa = PBXFileReference; lastKnownFileType = text.plist.xml; path = Info.plist; sourceTree = "<group>"; };
		05CDA6DF1A192336003163A8 /* huebiTests.swift */ = {isa = PBXFileReference; lastKnownFileType = sourcecode.swift; path = huebiTests.swift; sourceTree = "<group>"; };
		05CDA6EA1A1927FA003163A8 /* BlueCapKit.xcodeproj */ = {isa = PBXFileReference; lastKnownFileType = "wrapper.pb-project"; name = BlueCapKit.xcodeproj; path = External/BlueCap/BlueCapKit.xcodeproj; sourceTree = "<group>"; };
		05CDA6F51A192838003163A8 /* CoreBluetooth.framework */ = {isa = PBXFileReference; lastKnownFileType = wrapper.framework; name = CoreBluetooth.framework; path = System/Library/Frameworks/CoreBluetooth.framework; sourceTree = SDKROOT; };
		05CDA6F71A192841003163A8 /* CoreLocation.framework */ = {isa = PBXFileReference; lastKnownFileType = wrapper.framework; name = CoreLocation.framework; path = System/Library/Frameworks/CoreLocation.framework; sourceTree = SDKROOT; };
		05D3B8DA1A2A5453008E794E /* FoundBeaconsCell.swift */ = {isa = PBXFileReference; fileEncoding = 4; lastKnownFileType = sourcecode.swift; path = FoundBeaconsCell.swift; sourceTree = "<group>"; };
		05D4F60A1A2247FC0027EA62 /* Notify.swift */ = {isa = PBXFileReference; fileEncoding = 4; lastKnownFileType = sourcecode.swift; path = Notify.swift; sourceTree = "<group>"; };
		05D4F60B1A2247FC0027EA62 /* UIAlertControllerExtensions.swift */ = {isa = PBXFileReference; fileEncoding = 4; lastKnownFileType = sourcecode.swift; path = UIAlertControllerExtensions.swift; sourceTree = "<group>"; };
		05D4F6111A22851D0027EA62 /* StatusViewController.swift */ = {isa = PBXFileReference; fileEncoding = 4; lastKnownFileType = sourcecode.swift; path = StatusViewController.swift; sourceTree = "<group>"; };
		05D4F6131A22BFCE0027EA62 /* BridgesViewController.swift */ = {isa = PBXFileReference; fileEncoding = 4; lastKnownFileType = sourcecode.swift; path = BridgesViewController.swift; sourceTree = "<group>"; };
		05D4F6151A22C2B30027EA62 /* AddBridgeViewController.swift */ = {isa = PBXFileReference; fileEncoding = 4; lastKnownFileType = sourcecode.swift; path = AddBridgeViewController.swift; sourceTree = "<group>"; };
		05D4F6171A22C4600027EA62 /* AddBeaconViewController.swift */ = {isa = PBXFileReference; fileEncoding = 4; lastKnownFileType = sourcecode.swift; path = AddBeaconViewController.swift; sourceTree = "<group>"; };
		05D4F6191A22C93E0027EA62 /* BeaconsViewController.swift */ = {isa = PBXFileReference; fileEncoding = 4; lastKnownFileType = sourcecode.swift; path = BeaconsViewController.swift; sourceTree = "<group>"; };
/* End PBXFileReference section */

/* Begin PBXFrameworksBuildPhase section */
		05CDA6C11A192336003163A8 /* Frameworks */ = {
			isa = PBXFrameworksBuildPhase;
			buildActionMask = 2147483647;
			files = (
				055F90461A1A5BA200A2D808 /* Alamofire.framework in Frameworks */,
				05CDA6F91A192849003163A8 /* BlueCapKit.framework in Frameworks */,
				05CDA6F61A192838003163A8 /* CoreBluetooth.framework in Frameworks */,
			);
			runOnlyForDeploymentPostprocessing = 0;
		};
		05CDA6D61A192336003163A8 /* Frameworks */ = {
			isa = PBXFrameworksBuildPhase;
			buildActionMask = 2147483647;
			files = (
			);
			runOnlyForDeploymentPostprocessing = 0;
		};
/* End PBXFrameworksBuildPhase section */

/* Begin PBXGroup section */
		055F903B1A1A5AF800A2D808 /* Products */ = {
			isa = PBXGroup;
			children = (
				055F90401A1A5AF800A2D808 /* Alamofire.framework */,
				055F90421A1A5AF800A2D808 /* AlamofireTests.xctest */,
			);
			name = Products;
			sourceTree = "<group>";
		};
		05CDA6BB1A192336003163A8 = {
			isa = PBXGroup;
			children = (
				05CDA6F51A192838003163A8 /* CoreBluetooth.framework */,
				05CDA6F71A192841003163A8 /* CoreLocation.framework */,
				05CDA6EA1A1927FA003163A8 /* BlueCapKit.xcodeproj */,
				055F903A1A1A5AF800A2D808 /* Alamofire.xcodeproj */,
				05CDA6C61A192336003163A8 /* huebi */,
				05CDA6DC1A192336003163A8 /* huebiTests */,
				05CDA6C51A192336003163A8 /* Products */,
			);
			sourceTree = "<group>";
		};
		05CDA6C51A192336003163A8 /* Products */ = {
			isa = PBXGroup;
			children = (
				05CDA6C41A192336003163A8 /* huebi.app */,
				05CDA6D91A192336003163A8 /* huebiTests.xctest */,
			);
			name = Products;
			sourceTree = "<group>";
		};
		05CDA6C61A192336003163A8 /* huebi */ = {
			isa = PBXGroup;
			children = (
				05CDA6C91A192336003163A8 /* AppDelegate.swift */,
				05D4F6111A22851D0027EA62 /* StatusViewController.swift */,
				05CDA6D01A192336003163A8 /* Images.xcassets */,
				05D4F6351A23B9F80027EA62 /* Beacons */,
				05D4F6341A23B9E00027EA62 /* Bridge */,
				05CDA6CD1A192336003163A8 /* Main.storyboard */,
				05CDA6C71A192336003163A8 /* Supporting Files */,
				05D4F6361A23BA240027EA62 /* Utils */,
			);
			path = huebi;
			sourceTree = "<group>";
		};
		05CDA6C71A192336003163A8 /* Supporting Files */ = {
			isa = PBXGroup;
			children = (
				05CDA6C81A192336003163A8 /* Info.plist */,
			);
			name = "Supporting Files";
			sourceTree = "<group>";
		};
		05CDA6DC1A192336003163A8 /* huebiTests */ = {
			isa = PBXGroup;
			children = (
				05CDA6DF1A192336003163A8 /* huebiTests.swift */,
				05CDA6DD1A192336003163A8 /* Supporting Files */,
			);
			path = huebiTests;
			sourceTree = "<group>";
		};
		05CDA6DD1A192336003163A8 /* Supporting Files */ = {
			isa = PBXGroup;
			children = (
				05CDA6DE1A192336003163A8 /* Info.plist */,
			);
			name = "Supporting Files";
			sourceTree = "<group>";
		};
		05CDA6EB1A1927FA003163A8 /* Products */ = {
			isa = PBXGroup;
			children = (
				05CDA6F01A1927FA003163A8 /* BlueCapKit.framework */,
				05CDA6F21A1927FA003163A8 /* BlueCapKitTests.xctest */,
			);
			name = Products;
			sourceTree = "<group>";
		};
		05D4F6341A23B9E00027EA62 /* Bridge */ = {
			isa = PBXGroup;
			children = (
				05D4F6151A22C2B30027EA62 /* AddBridgeViewController.swift */,
				05BB2BE21A25011200D593AE /* AuthorizationProgressView.swift */,
				055FA2B61A1E53960042D2A3 /* BridgeConnectViewController.swift */,
				05D4F6131A22BFCE0027EA62 /* BridgesViewController.swift */,
				05BB2BE01A24FF4900D593AE /* FoundBridgesViewController.swift */,
				055FA2AE1A1BB1BB0042D2A3 /* HueClient.swift */,
				05BB2BE41A25037C00D593AE /* NoBridgeFoundViewController.swift */,
			);
			name = Bridge;
			sourceTree = "<group>";
		};
		05D4F6351A23B9F80027EA62 /* Beacons */ = {
			isa = PBXGroup;
			children = (
				05D4F6171A22C4600027EA62 /* AddBeaconViewController.swift */,
				05D4F6191A22C93E0027EA62 /* BeaconsViewController.swift */,
				054830371A29081B00067ADB /* FoundBeaconsViewController.swift */,
				05D3B8DA1A2A5453008E794E /* FoundBeaconsCell.swift */,
			);
			name = Beacons;
			sourceTree = "<group>";
		};
		05D4F6361A23BA240027EA62 /* Utils */ = {
			isa = PBXGroup;
			children = (
				053144DF1A23C198006523BD /* Alamofire-SwiftyJSON.swift */,
				05348D9C1A1EED1B009726B9 /* DataStore.swift */,
				05D4F60A1A2247FC0027EA62 /* Notify.swift */,
				053144DD1A23C134006523BD /* SwiftyJSON.swift */,
				05D4F60B1A2247FC0027EA62 /* UIAlertControllerExtensions.swift */,
				053E72711A2799140046613C /* RandomString.swift */,
			);
			name = Utils;
			sourceTree = "<group>";
		};
/* End PBXGroup section */

/* Begin PBXNativeTarget section */
		05CDA6C31A192336003163A8 /* huebi */ = {
			isa = PBXNativeTarget;
			buildConfigurationList = 05CDA6E31A192336003163A8 /* Build configuration list for PBXNativeTarget "huebi" */;
			buildPhases = (
				05CDA6C01A192336003163A8 /* Sources */,
				05CDA6C11A192336003163A8 /* Frameworks */,
				05CDA6C21A192336003163A8 /* Resources */,
				05CDA6FE1A192B26003163A8 /* Embed Frameworks */,
			);
			buildRules = (
			);
			dependencies = (
				055F90441A1A5B1400A2D808 /* PBXTargetDependency */,
				05CDA6F41A192824003163A8 /* PBXTargetDependency */,
				05CDA6FD1A192B26003163A8 /* PBXTargetDependency */,
				055F90491A1A5BA200A2D808 /* PBXTargetDependency */,
			);
			name = huebi;
			productName = huebi;
			productReference = 05CDA6C41A192336003163A8 /* huebi.app */;
			productType = "com.apple.product-type.application";
		};
		05CDA6D81A192336003163A8 /* huebiTests */ = {
			isa = PBXNativeTarget;
			buildConfigurationList = 05CDA6E61A192336003163A8 /* Build configuration list for PBXNativeTarget "huebiTests" */;
			buildPhases = (
				05CDA6D51A192336003163A8 /* Sources */,
				05CDA6D61A192336003163A8 /* Frameworks */,
				05CDA6D71A192336003163A8 /* Resources */,
			);
			buildRules = (
			);
			dependencies = (
				05CDA6DB1A192336003163A8 /* PBXTargetDependency */,
			);
			name = huebiTests;
			productName = huebiTests;
			productReference = 05CDA6D91A192336003163A8 /* huebiTests.xctest */;
			productType = "com.apple.product-type.bundle.unit-test";
		};
/* End PBXNativeTarget section */

/* Begin PBXProject section */
		05CDA6BC1A192336003163A8 /* Project object */ = {
			isa = PBXProject;
			attributes = {
				LastUpgradeCheck = 0610;
				ORGANIZATIONNAME = gnos.us;
				TargetAttributes = {
					05CDA6C31A192336003163A8 = {
						CreatedOnToolsVersion = 6.1;
					};
					05CDA6D81A192336003163A8 = {
						CreatedOnToolsVersion = 6.1;
						TestTargetID = 05CDA6C31A192336003163A8;
					};
				};
			};
			buildConfigurationList = 05CDA6BF1A192336003163A8 /* Build configuration list for PBXProject "huebi" */;
			compatibilityVersion = "Xcode 3.2";
			developmentRegion = English;
			hasScannedForEncodings = 0;
			knownRegions = (
				en,
				Base,
			);
			mainGroup = 05CDA6BB1A192336003163A8;
			productRefGroup = 05CDA6C51A192336003163A8 /* Products */;
			projectDirPath = "";
			projectReferences = (
				{
					ProductGroup = 055F903B1A1A5AF800A2D808 /* Products */;
					ProjectRef = 055F903A1A1A5AF800A2D808 /* Alamofire.xcodeproj */;
				},
				{
					ProductGroup = 05CDA6EB1A1927FA003163A8 /* Products */;
					ProjectRef = 05CDA6EA1A1927FA003163A8 /* BlueCapKit.xcodeproj */;
				},
			);
			projectRoot = "";
			targets = (
				05CDA6C31A192336003163A8 /* huebi */,
				05CDA6D81A192336003163A8 /* huebiTests */,
			);
		};
/* End PBXProject section */

/* Begin PBXReferenceProxy section */
		055F90401A1A5AF800A2D808 /* Alamofire.framework */ = {
			isa = PBXReferenceProxy;
			fileType = wrapper.framework;
			path = Alamofire.framework;
			remoteRef = 055F903F1A1A5AF800A2D808 /* PBXContainerItemProxy */;
			sourceTree = BUILT_PRODUCTS_DIR;
		};
		055F90421A1A5AF800A2D808 /* AlamofireTests.xctest */ = {
			isa = PBXReferenceProxy;
			fileType = wrapper.cfbundle;
			path = AlamofireTests.xctest;
			remoteRef = 055F90411A1A5AF800A2D808 /* PBXContainerItemProxy */;
			sourceTree = BUILT_PRODUCTS_DIR;
		};
		05CDA6F01A1927FA003163A8 /* BlueCapKit.framework */ = {
			isa = PBXReferenceProxy;
			fileType = wrapper.framework;
			path = BlueCapKit.framework;
			remoteRef = 05CDA6EF1A1927FA003163A8 /* PBXContainerItemProxy */;
			sourceTree = BUILT_PRODUCTS_DIR;
		};
		05CDA6F21A1927FA003163A8 /* BlueCapKitTests.xctest */ = {
			isa = PBXReferenceProxy;
			fileType = wrapper.cfbundle;
			path = BlueCapKitTests.xctest;
			remoteRef = 05CDA6F11A1927FA003163A8 /* PBXContainerItemProxy */;
			sourceTree = BUILT_PRODUCTS_DIR;
		};
/* End PBXReferenceProxy section */

/* Begin PBXResourcesBuildPhase section */
		05CDA6C21A192336003163A8 /* Resources */ = {
			isa = PBXResourcesBuildPhase;
			buildActionMask = 2147483647;
			files = (
				05CDA6CF1A192336003163A8 /* Main.storyboard in Resources */,
				05CDA6D11A192336003163A8 /* Images.xcassets in Resources */,
			);
			runOnlyForDeploymentPostprocessing = 0;
		};
		05CDA6D71A192336003163A8 /* Resources */ = {
			isa = PBXResourcesBuildPhase;
			buildActionMask = 2147483647;
			files = (
			);
			runOnlyForDeploymentPostprocessing = 0;
		};
/* End PBXResourcesBuildPhase section */

/* Begin PBXSourcesBuildPhase section */
		05CDA6C01A192336003163A8 /* Sources */ = {
			isa = PBXSourcesBuildPhase;
			buildActionMask = 2147483647;
			files = (
				05D4F6121A22851D0027EA62 /* StatusViewController.swift in Sources */,
				055FA2AF1A1BB1BB0042D2A3 /* HueClient.swift in Sources */,
				05BB2BE31A25011200D593AE /* AuthorizationProgressView.swift in Sources */,
				05BB2BE51A25037C00D593AE /* NoBridgeFoundViewController.swift in Sources */,
				05BB2BE11A24FF4900D593AE /* FoundBridgesViewController.swift in Sources */,
				05D4F6181A22C4600027EA62 /* AddBeaconViewController.swift in Sources */,
				053144DE1A23C134006523BD /* SwiftyJSON.swift in Sources */,
				053144E01A23C198006523BD /* Alamofire-SwiftyJSON.swift in Sources */,
				05D4F60D1A2247FC0027EA62 /* UIAlertControllerExtensions.swift in Sources */,
				05D4F61A1A22C93E0027EA62 /* BeaconsViewController.swift in Sources */,
				05D4F60C1A2247FC0027EA62 /* Notify.swift in Sources */,
				055FA2B71A1E53960042D2A3 /* BridgeConnectViewController.swift in Sources */,
				05D4F6141A22BFCE0027EA62 /* BridgesViewController.swift in Sources */,
				05348D9D1A1EED1B009726B9 /* DataStore.swift in Sources */,
				05D4F6161A22C2B30027EA62 /* AddBridgeViewController.swift in Sources */,
				05CDA6CA1A192336003163A8 /* AppDelegate.swift in Sources */,
				05D3B8DB1A2A5453008E794E /* FoundBeaconsCell.swift in Sources */,
				054830381A29081B00067ADB /* FoundBeaconsViewController.swift in Sources */,
				053E72721A2799140046613C /* RandomString.swift in Sources */,
			);
			runOnlyForDeploymentPostprocessing = 0;
		};
		05CDA6D51A192336003163A8 /* Sources */ = {
			isa = PBXSourcesBuildPhase;
			buildActionMask = 2147483647;
			files = (
				05CDA6E01A192336003163A8 /* huebiTests.swift in Sources */,
			);
			runOnlyForDeploymentPostprocessing = 0;
		};
/* End PBXSourcesBuildPhase section */

/* Begin PBXTargetDependency section */
		055F90441A1A5B1400A2D808 /* PBXTargetDependency */ = {
			isa = PBXTargetDependency;
			name = Alamofire;
			targetProxy = 055F90431A1A5B1400A2D808 /* PBXContainerItemProxy */;
		};
		055F90491A1A5BA200A2D808 /* PBXTargetDependency */ = {
			isa = PBXTargetDependency;
			name = Alamofire;
			targetProxy = 055F90481A1A5BA200A2D808 /* PBXContainerItemProxy */;
		};
		05CDA6DB1A192336003163A8 /* PBXTargetDependency */ = {
			isa = PBXTargetDependency;
			target = 05CDA6C31A192336003163A8 /* huebi */;
			targetProxy = 05CDA6DA1A192336003163A8 /* PBXContainerItemProxy */;
		};
		05CDA6F41A192824003163A8 /* PBXTargetDependency */ = {
			isa = PBXTargetDependency;
			name = BlueCapKit;
			targetProxy = 05CDA6F31A192824003163A8 /* PBXContainerItemProxy */;
		};
		05CDA6FD1A192B26003163A8 /* PBXTargetDependency */ = {
			isa = PBXTargetDependency;
			name = BlueCapKit;
			targetProxy = 05CDA6FC1A192B26003163A8 /* PBXContainerItemProxy */;
		};
/* End PBXTargetDependency section */

/* Begin PBXVariantGroup section */
		05CDA6CD1A192336003163A8 /* Main.storyboard */ = {
			isa = PBXVariantGroup;
			children = (
				05CDA6CE1A192336003163A8 /* Base */,
			);
			name = Main.storyboard;
			sourceTree = "<group>";
		};
/* End PBXVariantGroup section */

/* Begin XCBuildConfiguration section */
		05CDA6E11A192336003163A8 /* Debug */ = {
			isa = XCBuildConfiguration;
			buildSettings = {
				ALWAYS_SEARCH_USER_PATHS = NO;
				CLANG_CXX_LANGUAGE_STANDARD = "gnu++0x";
				CLANG_CXX_LIBRARY = "libc++";
				CLANG_ENABLE_MODULES = YES;
				CLANG_ENABLE_OBJC_ARC = YES;
				CLANG_WARN_BOOL_CONVERSION = YES;
				CLANG_WARN_CONSTANT_CONVERSION = YES;
				CLANG_WARN_DIRECT_OBJC_ISA_USAGE = YES_ERROR;
				CLANG_WARN_EMPTY_BODY = YES;
				CLANG_WARN_ENUM_CONVERSION = YES;
				CLANG_WARN_INT_CONVERSION = YES;
				CLANG_WARN_OBJC_ROOT_CLASS = YES_ERROR;
				CLANG_WARN_UNREACHABLE_CODE = YES;
				CLANG_WARN__DUPLICATE_METHOD_MATCH = YES;
				"CODE_SIGN_IDENTITY[sdk=iphoneos*]" = "iPhone Developer";
				COPY_PHASE_STRIP = NO;
				ENABLE_STRICT_OBJC_MSGSEND = YES;
				GCC_C_LANGUAGE_STANDARD = gnu99;
				GCC_DYNAMIC_NO_PIC = NO;
				GCC_OPTIMIZATION_LEVEL = 0;
				GCC_PREPROCESSOR_DEFINITIONS = (
					"DEBUG=1",
					"$(inherited)",
				);
				GCC_SYMBOLS_PRIVATE_EXTERN = NO;
				GCC_WARN_64_TO_32_BIT_CONVERSION = YES;
				GCC_WARN_ABOUT_RETURN_TYPE = YES_ERROR;
				GCC_WARN_UNDECLARED_SELECTOR = YES;
				GCC_WARN_UNINITIALIZED_AUTOS = YES_AGGRESSIVE;
				GCC_WARN_UNUSED_FUNCTION = YES;
				GCC_WARN_UNUSED_VARIABLE = YES;
				IPHONEOS_DEPLOYMENT_TARGET = 8.1;
				MTL_ENABLE_DEBUG_INFO = YES;
				ONLY_ACTIVE_ARCH = YES;
				SDKROOT = iphoneos;
				SWIFT_OPTIMIZATION_LEVEL = "-Onone";
			};
			name = Debug;
		};
		05CDA6E21A192336003163A8 /* Release */ = {
			isa = XCBuildConfiguration;
			buildSettings = {
				ALWAYS_SEARCH_USER_PATHS = NO;
				CLANG_CXX_LANGUAGE_STANDARD = "gnu++0x";
				CLANG_CXX_LIBRARY = "libc++";
				CLANG_ENABLE_MODULES = YES;
				CLANG_ENABLE_OBJC_ARC = YES;
				CLANG_WARN_BOOL_CONVERSION = YES;
				CLANG_WARN_CONSTANT_CONVERSION = YES;
				CLANG_WARN_DIRECT_OBJC_ISA_USAGE = YES_ERROR;
				CLANG_WARN_EMPTY_BODY = YES;
				CLANG_WARN_ENUM_CONVERSION = YES;
				CLANG_WARN_INT_CONVERSION = YES;
				CLANG_WARN_OBJC_ROOT_CLASS = YES_ERROR;
				CLANG_WARN_UNREACHABLE_CODE = YES;
				CLANG_WARN__DUPLICATE_METHOD_MATCH = YES;
				"CODE_SIGN_IDENTITY[sdk=iphoneos*]" = "iPhone Developer";
				COPY_PHASE_STRIP = YES;
				ENABLE_NS_ASSERTIONS = NO;
				ENABLE_STRICT_OBJC_MSGSEND = YES;
				GCC_C_LANGUAGE_STANDARD = gnu99;
				GCC_WARN_64_TO_32_BIT_CONVERSION = YES;
				GCC_WARN_ABOUT_RETURN_TYPE = YES_ERROR;
				GCC_WARN_UNDECLARED_SELECTOR = YES;
				GCC_WARN_UNINITIALIZED_AUTOS = YES_AGGRESSIVE;
				GCC_WARN_UNUSED_FUNCTION = YES;
				GCC_WARN_UNUSED_VARIABLE = YES;
				IPHONEOS_DEPLOYMENT_TARGET = 8.1;
				MTL_ENABLE_DEBUG_INFO = NO;
				SDKROOT = iphoneos;
				VALIDATE_PRODUCT = YES;
			};
			name = Release;
		};
		05CDA6E41A192336003163A8 /* Debug */ = {
			isa = XCBuildConfiguration;
			buildSettings = {
				ASSETCATALOG_COMPILER_APPICON_NAME = AppIcon;
				CLANG_ENABLE_MODULES = YES;
				CODE_SIGN_IDENTITY = "iPhone Developer";
				EMBEDDED_CONTENT_CONTAINS_SWIFT = YES;
				FRAMEWORK_SEARCH_PATHS = (
					"$(inherited)",
					"$(PROJECT_DIR)/External",
				);
				INFOPLIST_FILE = huebi/Info.plist;
				LD_RUNPATH_SEARCH_PATHS = "$(inherited) @executable_path/Frameworks";
				OTHER_LDFLAGS = "";
				OTHER_SWIFT_FLAGS = "";
				"OTHER_SWIFT_FLAGS[arch=*]" = "-D DEBUG";
				PRODUCT_NAME = "$(TARGET_NAME)";
				SWIFT_INSTALL_OBJC_HEADER = NO;
				SWIFT_OBJC_BRIDGING_HEADER = "";
				SWIFT_OPTIMIZATION_LEVEL = "-Onone";
				TARGETED_DEVICE_FAMILY = 1;
			};
			name = Debug;
		};
		05CDA6E51A192336003163A8 /* Release */ = {
			isa = XCBuildConfiguration;
			buildSettings = {
				ASSETCATALOG_COMPILER_APPICON_NAME = AppIcon;
				CLANG_ENABLE_MODULES = YES;
				CODE_SIGN_IDENTITY = "iPhone Distribution";
				EMBEDDED_CONTENT_CONTAINS_SWIFT = YES;
				FRAMEWORK_SEARCH_PATHS = (
					"$(inherited)",
					"$(PROJECT_DIR)/External",
				);
				INFOPLIST_FILE = huebi/Info.plist;
				LD_RUNPATH_SEARCH_PATHS = "$(inherited) @executable_path/Frameworks";
				OTHER_LDFLAGS = "";
				OTHER_SWIFT_FLAGS = "";
				PRODUCT_NAME = "$(TARGET_NAME)";
				SWIFT_INSTALL_OBJC_HEADER = NO;
				SWIFT_OBJC_BRIDGING_HEADER = "";
				TARGETED_DEVICE_FAMILY = 1;
			};
			name = Release;
		};
		05CDA6E71A192336003163A8 /* Debug */ = {
			isa = XCBuildConfiguration;
			buildSettings = {
				BUNDLE_LOADER = "$(TEST_HOST)";
				FRAMEWORK_SEARCH_PATHS = (
					"$(SDKROOT)/Developer/Library/Frameworks",
					"$(inherited)",
				);
				GCC_PREPROCESSOR_DEFINITIONS = (
					"DEBUG=1",
					"$(inherited)",
				);
				INFOPLIST_FILE = huebiTests/Info.plist;
				LD_RUNPATH_SEARCH_PATHS = "$(inherited) @executable_path/Frameworks @loader_path/Frameworks";
				PRODUCT_NAME = "$(TARGET_NAME)";
				TEST_HOST = "$(BUILT_PRODUCTS_DIR)/huebi.app/huebi";
			};
			name = Debug;
		};
		05CDA6E81A192336003163A8 /* Release */ = {
			isa = XCBuildConfiguration;
			buildSettings = {
				BUNDLE_LOADER = "$(TEST_HOST)";
				FRAMEWORK_SEARCH_PATHS = (
					"$(SDKROOT)/Developer/Library/Frameworks",
					"$(inherited)",
				);
				INFOPLIST_FILE = huebiTests/Info.plist;
				LD_RUNPATH_SEARCH_PATHS = "$(inherited) @executable_path/Frameworks @loader_path/Frameworks";
				PRODUCT_NAME = "$(TARGET_NAME)";
				TEST_HOST = "$(BUILT_PRODUCTS_DIR)/huebi.app/huebi";
			};
			name = Release;
		};
/* End XCBuildConfiguration section */

/* Begin XCConfigurationList section */
		05CDA6BF1A192336003163A8 /* Build configuration list for PBXProject "huebi" */ = {
			isa = XCConfigurationList;
			buildConfigurations = (
				05CDA6E11A192336003163A8 /* Debug */,
				05CDA6E21A192336003163A8 /* Release */,
			);
			defaultConfigurationIsVisible = 0;
			defaultConfigurationName = Release;
		};
		05CDA6E31A192336003163A8 /* Build configuration list for PBXNativeTarget "huebi" */ = {
			isa = XCConfigurationList;
			buildConfigurations = (
				05CDA6E41A192336003163A8 /* Debug */,
				05CDA6E51A192336003163A8 /* Release */,
			);
			defaultConfigurationIsVisible = 0;
			defaultConfigurationName = Release;
		};
		05CDA6E61A192336003163A8 /* Build configuration list for PBXNativeTarget "huebiTests" */ = {
			isa = XCConfigurationList;
			buildConfigurations = (
				05CDA6E71A192336003163A8 /* Debug */,
				05CDA6E81A192336003163A8 /* Release */,
			);
			defaultConfigurationIsVisible = 0;
			defaultConfigurationName = Release;
		};
/* End XCConfigurationList section */
	};
	rootObject = 05CDA6BC1A192336003163A8 /* Project object */;
}
